
Microsoft Visual Studio Solution File, Format Version 12.00
# Visual Studio Version 16
VisualStudioVersion = 16.0.30717.126
MinimumVisualStudioVersion = 10.0.40219.1
Project("{FAE04EC0-301F-11D3-BF4B-00C04F79EFBC}") = "bigproject.api", "bigproject.api\bigproject.api.csproj", "{1AB90A61-32FC-4979-852D-B01A3EF84928}"
EndProject
Global
	GlobalSection(SolutionConfigurationPlatforms) = preSolution
		Debug|Any CPU = Debug|Any CPU
		Release|Any CPU = Release|Any CPU
	EndGlobalSection
	GlobalSection(ProjectConfigurationPlatforms) = postSolution
		{1AB90A61-32FC-4979-852D-B01A3EF84928}.Debug|Any CPU.ActiveCfg = Debug|Any CPU
		{1AB90A61-32FC-4979-852D-B01A3EF84928}.Debug|Any CPU.Build.0 = Debug|Any CPU
		{1AB90A61-32FC-4979-852D-B01A3EF84928}.Release|Any CPU.ActiveCfg = Release|Any CPU
		{1AB90A61-32FC-4979-852D-B01A3EF84928}.Release|Any CPU.Build.0 = Release|Any CPU
	EndGlobalSection
	GlobalSection(SolutionProperties) = preSolution
		HideSolutionNode = FALSE
	EndGlobalSection
	GlobalSection(ExtensibilityGlobals) = postSolution
		SolutionGuid = {33689E24-9E53-4565-903C-E0F9DA8DD555}
	EndGlobalSection
EndGlobal
